
Microsoft Visual Studio Solution File, Format Version 12.00
# Visual Studio Version 17
VisualStudioVersion = 17.11.35303.130
MinimumVisualStudioVersion = 10.0.40219.1
Project("{FAE04EC0-301F-11D3-BF4B-00C04F79EFBC}") = "Forum.Api", "Forum.Api\Forum.Api.csproj", "{379AD14C-FF80-4021-9594-B3A9DD933430}"
EndProject
Project("{FAE04EC0-301F-11D3-BF4B-00C04F79EFBC}") = "Forum.Domain", "Forum.Domain\Forum.Domain.csproj", "{99F3FDCE-E460-4612-A385-19B5B8B54B8F}"
EndProject
Global
	GlobalSection(SolutionConfigurationPlatforms) = preSolution
		Debug|Any CPU = Debug|Any CPU
		Release|Any CPU = Release|Any CPU
	EndGlobalSection
	GlobalSection(ProjectConfigurationPlatforms) = postSolution
		{379AD14C-FF80-4021-9594-B3A9DD933430}.Debug|Any CPU.ActiveCfg = Debug|Any CPU
		{379AD14C-FF80-4021-9594-B3A9DD933430}.Debug|Any CPU.Build.0 = Debug|Any CPU
		{379AD14C-FF80-4021-9594-B3A9DD933430}.Release|Any CPU.ActiveCfg = Release|Any CPU
		{379AD14C-FF80-4021-9594-B3A9DD933430}.Release|Any CPU.Build.0 = Release|Any CPU
		{99F3FDCE-E460-4612-A385-19B5B8B54B8F}.Debug|Any CPU.ActiveCfg = Debug|Any CPU
		{99F3FDCE-E460-4612-A385-19B5B8B54B8F}.Debug|Any CPU.Build.0 = Debug|Any CPU
		{99F3FDCE-E460-4612-A385-19B5B8B54B8F}.Release|Any CPU.ActiveCfg = Release|Any CPU
		{99F3FDCE-E460-4612-A385-19B5B8B54B8F}.Release|Any CPU.Build.0 = Release|Any CPU
	EndGlobalSection
	GlobalSection(SolutionProperties) = preSolution
		HideSolutionNode = FALSE
	EndGlobalSection
	GlobalSection(ExtensibilityGlobals) = postSolution
		SolutionGuid = {A49D325D-E43B-4ACA-AE75-EC66140C0D51}
	EndGlobalSection
EndGlobal
